
Microsoft Visual Studio Solution File, Format Version 12.00
# Visual Studio 15
VisualStudioVersion = 15.0.26430.16
MinimumVisualStudioVersion = 10.0.40219.1
Project("{FAE04EC0-301F-11D3-BF4B-00C04F79EFBC}") = "Chapter3", "Decorator Pattern\Chapter3\Chapter3.csproj", "{90E70122-3D21-475A-87B0-3BB29F4B74D9}"
EndProject
Project("{2150E333-8FDC-42A3-9474-1A3956D46DE8}") = "Decorator Pattern", "Decorator Pattern", "{694A6537-732E-4A8A-BDFD-06FB6792F451}"
EndProject
Project("{FAE04EC0-301F-11D3-BF4B-00C04F79EFBC}") = "StarbuzzCoffee", "Decorator Pattern\StarbuzzCoffee\StarbuzzCoffee.csproj", "{601C9171-8B72-4E10-AD54-BFC1A8FF045E}"
EndProject
Project("{2150E333-8FDC-42A3-9474-1A3956D46DE8}") = "Factory Pattern", "Factory Pattern", "{37694F1C-F9DA-47F0-A73B-863FD55C6DAD}"
EndProject
Project("{FAE04EC0-301F-11D3-BF4B-00C04F79EFBC}") = "PizzaShop", "Factory Pattern\PizzaShop\PizzaShop.csproj", "{3358B199-0359-4452-A4AC-348EC3587E84}"
EndProject
Project("{2150E333-8FDC-42A3-9474-1A3956D46DE8}") = "Observer Pattern", "Observer Pattern", "{FE7E31A3-EC89-4F88-966E-3C20D7D9119D}"
EndProject
Project("{FAE04EC0-301F-11D3-BF4B-00C04F79EFBC}") = "Weather", "Observer Pattern\Weather\Weather.csproj", "{772F7C43-F750-4E64-9F1B-1A523F9DAE46}"
EndProject
Project("{FAE04EC0-301F-11D3-BF4B-00C04F79EFBC}") = "WeatherDisplay", "Observer Pattern\WeatherDisplay\WeatherDisplay.csproj", "{600F4E25-3195-4EE7-89AA-183D5694E256}"
EndProject
Project("{2150E333-8FDC-42A3-9474-1A3956D46DE8}") = "Proxy Pattern", "Proxy Pattern", "{4D8B273E-5022-4B9E-873E-E9E79C76F7A6}"
EndProject
Project("{FAE04EC0-301F-11D3-BF4B-00C04F79EFBC}") = "GumballInc", "Proxy Pattern\GumballInc\GumballInc.csproj", "{E51986FC-F26E-417E-91E5-6B2B7902F625}"
EndProject
Project("{2150E333-8FDC-42A3-9474-1A3956D46DE8}") = "State Pattern", "State Pattern", "{5754EA1A-E4AD-4AC8-873A-14C166BCFB65}"
EndProject
Project("{FAE04EC0-301F-11D3-BF4B-00C04F79EFBC}") = "GumballInc", "State Pattern\GumballInc\GumballInc.csproj", "{0DAC911F-51F7-48BA-A0F8-0A0274FF709A}"
EndProject
Project("{2150E333-8FDC-42A3-9474-1A3956D46DE8}") = "Strategy Pattern", "Strategy Pattern", "{48D6D7CC-5541-457C-B04C-D6F1D5C73A22}"
EndProject
Project("{FAE04EC0-301F-11D3-BF4B-00C04F79EFBC}") = "MiniDuckSimulator", "Strategy Pattern\DuckApp\MiniDuckSimulator.csproj", "{A1D8C009-C518-44AD-898A-9976EE9416C1}"
EndProject
Global
	GlobalSection(SolutionConfigurationPlatforms) = preSolution
		Debug|Any CPU = Debug|Any CPU
		Debug|x86 = Debug|x86
		Release|Any CPU = Release|Any CPU
		Release|x86 = Release|x86
	EndGlobalSection
	GlobalSection(ProjectConfigurationPlatforms) = postSolution
		{90E70122-3D21-475A-87B0-3BB29F4B74D9}.Debug|Any CPU.ActiveCfg = Debug|x86
		{90E70122-3D21-475A-87B0-3BB29F4B74D9}.Debug|x86.ActiveCfg = Debug|x86
		{90E70122-3D21-475A-87B0-3BB29F4B74D9}.Debug|x86.Build.0 = Debug|x86
		{90E70122-3D21-475A-87B0-3BB29F4B74D9}.Release|Any CPU.ActiveCfg = Release|x86
		{90E70122-3D21-475A-87B0-3BB29F4B74D9}.Release|x86.ActiveCfg = Release|x86
		{90E70122-3D21-475A-87B0-3BB29F4B74D9}.Release|x86.Build.0 = Release|x86
		{601C9171-8B72-4E10-AD54-BFC1A8FF045E}.Debug|Any CPU.ActiveCfg = Debug|x86
		{601C9171-8B72-4E10-AD54-BFC1A8FF045E}.Debug|x86.ActiveCfg = Debug|x86
		{601C9171-8B72-4E10-AD54-BFC1A8FF045E}.Debug|x86.Build.0 = Debug|x86
		{601C9171-8B72-4E10-AD54-BFC1A8FF045E}.Release|Any CPU.ActiveCfg = Release|x86
		{601C9171-8B72-4E10-AD54-BFC1A8FF045E}.Release|x86.ActiveCfg = Release|x86
		{601C9171-8B72-4E10-AD54-BFC1A8FF045E}.Release|x86.Build.0 = Release|x86
		{3358B199-0359-4452-A4AC-348EC3587E84}.Debug|Any CPU.ActiveCfg = Debug|x86
		{3358B199-0359-4452-A4AC-348EC3587E84}.Debug|x86.ActiveCfg = Debug|x86
		{3358B199-0359-4452-A4AC-348EC3587E84}.Debug|x86.Build.0 = Debug|x86
		{3358B199-0359-4452-A4AC-348EC3587E84}.Release|Any CPU.ActiveCfg = Release|x86
		{3358B199-0359-4452-A4AC-348EC3587E84}.Release|x86.ActiveCfg = Release|x86
		{3358B199-0359-4452-A4AC-348EC3587E84}.Release|x86.Build.0 = Release|x86
		{772F7C43-F750-4E64-9F1B-1A523F9DAE46}.Debug|Any CPU.ActiveCfg = Debug|Any CPU
		{772F7C43-F750-4E64-9F1B-1A523F9DAE46}.Debug|Any CPU.Build.0 = Debug|Any CPU
		{772F7C43-F750-4E64-9F1B-1A523F9DAE46}.Debug|x86.ActiveCfg = Debug|Any CPU
		{772F7C43-F750-4E64-9F1B-1A523F9DAE46}.Debug|x86.Build.0 = Debug|Any CPU
		{772F7C43-F750-4E64-9F1B-1A523F9DAE46}.Release|Any CPU.ActiveCfg = Release|Any CPU
		{772F7C43-F750-4E64-9F1B-1A523F9DAE46}.Release|Any CPU.Build.0 = Release|Any CPU
		{772F7C43-F750-4E64-9F1B-1A523F9DAE46}.Release|x86.ActiveCfg = Release|Any CPU
		{772F7C43-F750-4E64-9F1B-1A523F9DAE46}.Release|x86.Build.0 = Release|Any CPU
		{600F4E25-3195-4EE7-89AA-183D5694E256}.Debug|Any CPU.ActiveCfg = Debug|x86
		{600F4E25-3195-4EE7-89AA-183D5694E256}.Debug|x86.ActiveCfg = Debug|x86
		{600F4E25-3195-4EE7-89AA-183D5694E256}.Debug|x86.Build.0 = Debug|x86
		{600F4E25-3195-4EE7-89AA-183D5694E256}.Release|Any CPU.ActiveCfg = Release|x86
		{600F4E25-3195-4EE7-89AA-183D5694E256}.Release|x86.ActiveCfg = Release|x86
		{600F4E25-3195-4EE7-89AA-183D5694E256}.Release|x86.Build.0 = Release|x86
		{E51986FC-F26E-417E-91E5-6B2B7902F625}.Debug|Any CPU.ActiveCfg = Debug|x86
		{E51986FC-F26E-417E-91E5-6B2B7902F625}.Debug|x86.ActiveCfg = Debug|x86
		{E51986FC-F26E-417E-91E5-6B2B7902F625}.Debug|x86.Build.0 = Debug|x86
		{E51986FC-F26E-417E-91E5-6B2B7902F625}.Release|Any CPU.ActiveCfg = Release|x86
		{E51986FC-F26E-417E-91E5-6B2B7902F625}.Release|x86.ActiveCfg = Release|x86
		{E51986FC-F26E-417E-91E5-6B2B7902F625}.Release|x86.Build.0 = Release|x86
		{0DAC911F-51F7-48BA-A0F8-0A0274FF709A}.Debug|Any CPU.ActiveCfg = Debug|x86
		{0DAC911F-51F7-48BA-A0F8-0A0274FF709A}.Debug|x86.ActiveCfg = Debug|x86
		{0DAC911F-51F7-48BA-A0F8-0A0274FF709A}.Debug|x86.Build.0 = Debug|x86
		{0DAC911F-51F7-48BA-A0F8-0A0274FF709A}.Release|Any CPU.ActiveCfg = Release|x86
		{0DAC911F-51F7-48BA-A0F8-0A0274FF709A}.Release|x86.ActiveCfg = Release|x86
		{0DAC911F-51F7-48BA-A0F8-0A0274FF709A}.Release|x86.Build.0 = Release|x86
		{A1D8C009-C518-44AD-898A-9976EE9416C1}.Debug|Any CPU.ActiveCfg = Debug|x86
		{A1D8C009-C518-44AD-898A-9976EE9416C1}.Debug|x86.ActiveCfg = Debug|x86
		{A1D8C009-C518-44AD-898A-9976EE9416C1}.Debug|x86.Build.0 = Debug|x86
		{A1D8C009-C518-44AD-898A-9976EE9416C1}.Release|Any CPU.ActiveCfg = Release|x86
		{A1D8C009-C518-44AD-898A-9976EE9416C1}.Release|x86.ActiveCfg = Release|x86
		{A1D8C009-C518-44AD-898A-9976EE9416C1}.Release|x86.Build.0 = Release|x86
	EndGlobalSection
	GlobalSection(SolutionProperties) = preSolution
		HideSolutionNode = FALSE
	EndGlobalSection
	GlobalSection(NestedProjects) = preSolution
		{90E70122-3D21-475A-87B0-3BB29F4B74D9} = {694A6537-732E-4A8A-BDFD-06FB6792F451}
		{601C9171-8B72-4E10-AD54-BFC1A8FF045E} = {694A6537-732E-4A8A-BDFD-06FB6792F451}
		{3358B199-0359-4452-A4AC-348EC3587E84} = {37694F1C-F9DA-47F0-A73B-863FD55C6DAD}
		{772F7C43-F750-4E64-9F1B-1A523F9DAE46} = {FE7E31A3-EC89-4F88-966E-3C20D7D9119D}
		{600F4E25-3195-4EE7-89AA-183D5694E256} = {FE7E31A3-EC89-4F88-966E-3C20D7D9119D}
		{E51986FC-F26E-417E-91E5-6B2B7902F625} = {4D8B273E-5022-4B9E-873E-E9E79C76F7A6}
		{0DAC911F-51F7-48BA-A0F8-0A0274FF709A} = {5754EA1A-E4AD-4AC8-873A-14C166BCFB65}
		{A1D8C009-C518-44AD-898A-9976EE9416C1} = {48D6D7CC-5541-457C-B04C-D6F1D5C73A22}
	EndGlobalSection
EndGlobal
