
Microsoft Visual Studio Solution File, Format Version 11.00
# Visual Studio 2010
Project("{FAE04EC0-301F-11D3-BF4B-00C04F79EFBC}") = "WeatherDisplay", "WeatherDisplay\WeatherDisplay.csproj", "{600F4E25-3195-4EE7-89AA-183D5694E256}"
EndProject
Project("{2150E333-8FDC-42A3-9474-1A3956D46DE8}") = "Weather Api", "Weather Api", "{5C707587-7F61-46EF-9BD4-7A7B2AE346B7}"
EndProject
Project("{FAE04EC0-301F-11D3-BF4B-00C04F79EFBC}") = "Weather", "Weather\Weather.csproj", "{772F7C43-F750-4E64-9F1B-1A523F9DAE46}"
EndProject
Global
	GlobalSection(SubversionScc) = preSolution
		Svn-Managed = True
		Manager = AnkhSVN - Subversion Support for Visual Studio
	EndGlobalSection
	GlobalSection(SolutionConfigurationPlatforms) = preSolution
		Debug|Any CPU = Debug|Any CPU
		Debug|Mixed Platforms = Debug|Mixed Platforms
		Debug|x86 = Debug|x86
		Release|Any CPU = Release|Any CPU
		Release|Mixed Platforms = Release|Mixed Platforms
		Release|x86 = Release|x86
	EndGlobalSection
	GlobalSection(ProjectConfigurationPlatforms) = postSolution
		{600F4E25-3195-4EE7-89AA-183D5694E256}.Debug|Any CPU.ActiveCfg = Debug|x86
		{600F4E25-3195-4EE7-89AA-183D5694E256}.Debug|Mixed Platforms.ActiveCfg = Debug|x86
		{600F4E25-3195-4EE7-89AA-183D5694E256}.Debug|Mixed Platforms.Build.0 = Debug|x86
		{600F4E25-3195-4EE7-89AA-183D5694E256}.Debug|x86.ActiveCfg = Debug|x86
		{600F4E25-3195-4EE7-89AA-183D5694E256}.Debug|x86.Build.0 = Debug|x86
		{600F4E25-3195-4EE7-89AA-183D5694E256}.Release|Any CPU.ActiveCfg = Release|x86
		{600F4E25-3195-4EE7-89AA-183D5694E256}.Release|Mixed Platforms.ActiveCfg = Release|x86
		{600F4E25-3195-4EE7-89AA-183D5694E256}.Release|Mixed Platforms.Build.0 = Release|x86
		{600F4E25-3195-4EE7-89AA-183D5694E256}.Release|x86.ActiveCfg = Release|x86
		{600F4E25-3195-4EE7-89AA-183D5694E256}.Release|x86.Build.0 = Release|x86
		{772F7C43-F750-4E64-9F1B-1A523F9DAE46}.Debug|Any CPU.ActiveCfg = Debug|Any CPU
		{772F7C43-F750-4E64-9F1B-1A523F9DAE46}.Debug|Any CPU.Build.0 = Debug|Any CPU
		{772F7C43-F750-4E64-9F1B-1A523F9DAE46}.Debug|Mixed Platforms.ActiveCfg = Debug|Any CPU
		{772F7C43-F750-4E64-9F1B-1A523F9DAE46}.Debug|Mixed Platforms.Build.0 = Debug|Any CPU
		{772F7C43-F750-4E64-9F1B-1A523F9DAE46}.Debug|x86.ActiveCfg = Debug|Any CPU
		{772F7C43-F750-4E64-9F1B-1A523F9DAE46}.Release|Any CPU.ActiveCfg = Release|Any CPU
		{772F7C43-F750-4E64-9F1B-1A523F9DAE46}.Release|Any CPU.Build.0 = Release|Any CPU
		{772F7C43-F750-4E64-9F1B-1A523F9DAE46}.Release|Mixed Platforms.ActiveCfg = Release|Any CPU
		{772F7C43-F750-4E64-9F1B-1A523F9DAE46}.Release|Mixed Platforms.Build.0 = Release|Any CPU
		{772F7C43-F750-4E64-9F1B-1A523F9DAE46}.Release|x86.ActiveCfg = Release|Any CPU
	EndGlobalSection
	GlobalSection(SolutionProperties) = preSolution
		HideSolutionNode = FALSE
	EndGlobalSection
	GlobalSection(NestedProjects) = preSolution
		{772F7C43-F750-4E64-9F1B-1A523F9DAE46} = {5C707587-7F61-46EF-9BD4-7A7B2AE346B7}
	EndGlobalSection
EndGlobal
